// !$*UTF8*$!
{
	archiveVersion = 1;
	classes = {
	};
	objectVersion = 77;
	objects = {

/* Begin PBXBuildFile section */
		1B946DFFB445C209C039D5BD /* AnnotationTests.swift in Sources */ = {isa = PBXBuildFile; fileRef = 2B05B263CE749FD2EC2FA8F4 /* AnnotationTests.swift */; };
		1F4C7E6D89F906136A5D6246 /* EditorToolbar.swift in Sources */ = {isa = PBXBuildFile; fileRef = 3E7E490F6771DF551D7D8BB8 /* EditorToolbar.swift */; };
		26E37BEAFDACF9FEE09D8812 /* CapturedImage.swift in Sources */ = {isa = PBXBuildFile; fileRef = 6DB42241C878D665BDDCC80D /* CapturedImage.swift */; };
		2FD3050148989B5F33F6B05F /* Annotation.swift in Sources */ = {isa = PBXBuildFile; fileRef = 53B61069296E46CA6D16594D /* Annotation.swift */; };
		481A66EA2298DA824C863FB8 /* LoginItemModel.swift in Sources */ = {isa = PBXBuildFile; fileRef = 8543A7429C2BACE525A965F8 /* LoginItemModel.swift */; };
		492DBB026C05243AD8BE3A53 /* CaptureCoordinator.swift in Sources */ = {isa = PBXBuildFile; fileRef = C2E7A4D5D7C64E700D961B55 /* CaptureCoordinator.swift */; };
		4E347CA56A877A2F56CC0773 /* GlobalHotKey.swift in Sources */ = {isa = PBXBuildFile; fileRef = CF1B5605EF2319CEBA74982D /* GlobalHotKey.swift */; };
		6EE26306C79B1CDBD35B1D9F /* SettingsView.swift in Sources */ = {isa = PBXBuildFile; fileRef = CB3577FA38C30D0248ACA433 /* SettingsView.swift */; };
		7B05DB15547BC2DF254C33B8 /* PrivacyInfo.xcprivacy in Resources */ = {isa = PBXBuildFile; fileRef = 70EF29509151B69F80695B86 /* PrivacyInfo.xcprivacy */; };
		7E4B64FB870719C5BED4142E /* CanvasGestures.swift in Sources */ = {isa = PBXBuildFile; fileRef = 2A7AC6B9D2E5C04D04B7E4A2 /* CanvasGestures.swift */; };
		800A24F172247654C109AB8C /* EditorView.swift in Sources */ = {isa = PBXBuildFile; fileRef = 4C2074FAA2E9AD30483188EB /* EditorView.swift */; };
		9394FAED5ABA19C19B884ECB /* Assets.xcassets in Resources */ = {isa = PBXBuildFile; fileRef = 266AB3918C1A0A4F5718C14E /* Assets.xcassets */; };
		B370803387B3FCAFF2B904D6 /* CaptureGeometryTests.swift in Sources */ = {isa = PBXBuildFile; fileRef = CF9E280A1BC6EDA8005A6B35 /* CaptureGeometryTests.swift */; };
		B462705A6EDE0264DD6CF81D /* AnnotationRenderer.swift in Sources */ = {isa = PBXBuildFile; fileRef = 1041EF8988A270C3C1E333DE /* AnnotationRenderer.swift */; };
		BB380C61C09B1B2594C02EE3 /* CanvasTextEditing.swift in Sources */ = {isa = PBXBuildFile; fileRef = D617404C7C27D1092C02F869 /* CanvasTextEditing.swift */; };
		BCB8DAC887B735BDDA0747B1 /* AnnotationCanvas.swift in Sources */ = {isa = PBXBuildFile; fileRef = 6C4C1C613FE2741DEEF931D6 /* AnnotationCanvas.swift */; };
		D092EE517F1D0C9EDD348901 /* EditorWindowController.swift in Sources */ = {isa = PBXBuildFile; fileRef = 66C0E4556B06A60D102FBA0E /* EditorWindowController.swift */; };
		D8B18E89B22A7B403585E130 /* AppDelegate.swift in Sources */ = {isa = PBXBuildFile; fileRef = 09222A72316FEB97B39C571A /* AppDelegate.swift */; };
		E021B40695ABE124F75A7D9E /* RegionSelectionWindow.swift in Sources */ = {isa = PBXBuildFile; fileRef = FE9A6DAED23FE4C03332D0E8 /* RegionSelectionWindow.swift */; };
		E2A83963132312F77E346F88 /* CaptureGeometry.swift in Sources */ = {isa = PBXBuildFile; fileRef = 704C53A33903287921B50F7B /* CaptureGeometry.swift */; };
		E2C7C3042D5C9C057E4F359A /* AnnotationDocument.swift in Sources */ = {isa = PBXBuildFile; fileRef = C7A0D90C97912FC823C6FEE9 /* AnnotationDocument.swift */; };
		F3A67349680F6B20FA7E9917 /* StillmarkApp.swift in Sources */ = {isa = PBXBuildFile; fileRef = 74F739A3E963E3F54AADB21C /* StillmarkApp.swift */; };
/* End PBXBuildFile section */

/* Begin PBXContainerItemProxy section */
		EFA3D3E6595AE7A6A5FEE89D /* PBXContainerItemProxy */ = {
			isa = PBXContainerItemProxy;
			containerPortal = 6B9EB36DD31439A3B5DBA67A /* Project object */;
			proxyType = 1;
			remoteGlobalIDString = FE5202717C5C23578E24EFF0;
			remoteInfo = Stillmark;
		};
/* End PBXContainerItemProxy section */

/* Begin PBXFileReference section */
		09222A72316FEB97B39C571A /* AppDelegate.swift */ = {isa = PBXFileReference; lastKnownFileType = sourcecode.swift; path = AppDelegate.swift; sourceTree = "<group>"; };
		1041EF8988A270C3C1E333DE /* AnnotationRenderer.swift */ = {isa = PBXFileReference; lastKnownFileType = sourcecode.swift; path = AnnotationRenderer.swift; sourceTree = "<group>"; };
		1F5CA6B42C49A8A14F42F387 /* StillmarkTests.xctest */ = {isa = PBXFileReference; explicitFileType = wrapper.cfbundle; includeInIndex = 0; path = StillmarkTests.xctest; sourceTree = BUILT_PRODUCTS_DIR; };
		266AB3918C1A0A4F5718C14E /* Assets.xcassets */ = {isa = PBXFileReference; lastKnownFileType = folder.assetcatalog; path = Assets.xcassets; sourceTree = "<group>"; };
		2A7AC6B9D2E5C04D04B7E4A2 /* CanvasGestures.swift */ = {isa = PBXFileReference; lastKnownFileType = sourcecode.swift; path = CanvasGestures.swift; sourceTree = "<group>"; };
		2B05B263CE749FD2EC2FA8F4 /* AnnotationTests.swift */ = {isa = PBXFileReference; lastKnownFileType = sourcecode.swift; path = AnnotationTests.swift; sourceTree = "<group>"; };
		3E7E490F6771DF551D7D8BB8 /* EditorToolbar.swift */ = {isa = PBXFileReference; lastKnownFileType = sourcecode.swift; path = EditorToolbar.swift; sourceTree = "<group>"; };
		4C2074FAA2E9AD30483188EB /* EditorView.swift */ = {isa = PBXFileReference; lastKnownFileType = sourcecode.swift; path = EditorView.swift; sourceTree = "<group>"; };
		53B61069296E46CA6D16594D /* Annotation.swift */ = {isa = PBXFileReference; lastKnownFileType = sourcecode.swift; path = Annotation.swift; sourceTree = "<group>"; };
		66C0E4556B06A60D102FBA0E /* EditorWindowController.swift */ = {isa = PBXFileReference; lastKnownFileType = sourcecode.swift; path = EditorWindowController.swift; sourceTree = "<group>"; };
		6C4C1C613FE2741DEEF931D6 /* AnnotationCanvas.swift */ = {isa = PBXFileReference; lastKnownFileType = sourcecode.swift; path = AnnotationCanvas.swift; sourceTree = "<group>"; };
		6DB42241C878D665BDDCC80D /* CapturedImage.swift */ = {isa = PBXFileReference; lastKnownFileType = sourcecode.swift; path = CapturedImage.swift; sourceTree = "<group>"; };
		704C53A33903287921B50F7B /* CaptureGeometry.swift */ = {isa = PBXFileReference; lastKnownFileType = sourcecode.swift; path = CaptureGeometry.swift; sourceTree = "<group>"; };
		70EF29509151B69F80695B86 /* PrivacyInfo.xcprivacy */ = {isa = PBXFileReference; path = PrivacyInfo.xcprivacy; sourceTree = "<group>"; };
		74F739A3E963E3F54AADB21C /* StillmarkApp.swift */ = {isa = PBXFileReference; lastKnownFileType = sourcecode.swift; path = StillmarkApp.swift; sourceTree = "<group>"; };
		8543A7429C2BACE525A965F8 /* LoginItemModel.swift */ = {isa = PBXFileReference; lastKnownFileType = sourcecode.swift; path = LoginItemModel.swift; sourceTree = "<group>"; };
		996A564CC8DE7F7D3A273693 /* Stillmark.app */ = {isa = PBXFileReference; explicitFileType = wrapper.application; includeInIndex = 0; path = Stillmark.app; sourceTree = BUILT_PRODUCTS_DIR; };
		C2E7A4D5D7C64E700D961B55 /* CaptureCoordinator.swift */ = {isa = PBXFileReference; lastKnownFileType = sourcecode.swift; path = CaptureCoordinator.swift; sourceTree = "<group>"; };
		C7A0D90C97912FC823C6FEE9 /* AnnotationDocument.swift */ = {isa = PBXFileReference; lastKnownFileType = sourcecode.swift; path = AnnotationDocument.swift; sourceTree = "<group>"; };
		CB3577FA38C30D0248ACA433 /* SettingsView.swift */ = {isa = PBXFileReference; lastKnownFileType = sourcecode.swift; path = SettingsView.swift; sourceTree = "<group>"; };
		CF1B5605EF2319CEBA74982D /* GlobalHotKey.swift */ = {isa = PBXFileReference; lastKnownFileType = sourcecode.swift; path = GlobalHotKey.swift; sourceTree = "<group>"; };
		CF9E280A1BC6EDA8005A6B35 /* CaptureGeometryTests.swift */ = {isa = PBXFileReference; lastKnownFileType = sourcecode.swift; path = CaptureGeometryTests.swift; sourceTree = "<group>"; };
		D617404C7C27D1092C02F869 /* CanvasTextEditing.swift */ = {isa = PBXFileReference; lastKnownFileType = sourcecode.swift; path = CanvasTextEditing.swift; sourceTree = "<group>"; };
		FE9A6DAED23FE4C03332D0E8 /* RegionSelectionWindow.swift */ = {isa = PBXFileReference; lastKnownFileType = sourcecode.swift; path = RegionSelectionWindow.swift; sourceTree = "<group>"; };
/* End PBXFileReference section */

/* Begin PBXGroup section */
		179C7F5582BAEE422473153A /* App */ = {
			isa = PBXGroup;
			children = (
				09222A72316FEB97B39C571A /* AppDelegate.swift */,
				CF1B5605EF2319CEBA74982D /* GlobalHotKey.swift */,
				74F739A3E963E3F54AADB21C /* StillmarkApp.swift */,
			);
			path = App;
			sourceTree = "<group>";
		};
		1A160BE8B4F0D352D6C22264 /* StillmarkTests */ = {
			isa = PBXGroup;
			children = (
				2B05B263CE749FD2EC2FA8F4 /* AnnotationTests.swift */,
				CF9E280A1BC6EDA8005A6B35 /* CaptureGeometryTests.swift */,
			);
			path = StillmarkTests;
			sourceTree = "<group>";
		};
		3F3A1FD55D450B9D6002BA6B /* Capture */ = {
			isa = PBXGroup;
			children = (
				C2E7A4D5D7C64E700D961B55 /* CaptureCoordinator.swift */,
				6DB42241C878D665BDDCC80D /* CapturedImage.swift */,
				704C53A33903287921B50F7B /* CaptureGeometry.swift */,
				FE9A6DAED23FE4C03332D0E8 /* RegionSelectionWindow.swift */,
			);
			path = Capture;
			sourceTree = "<group>";
		};
		47E26C8E8662BCBA84CD7872 /* Editor */ = {
			isa = PBXGroup;
			children = (
				6C4C1C613FE2741DEEF931D6 /* AnnotationCanvas.swift */,
				2A7AC6B9D2E5C04D04B7E4A2 /* CanvasGestures.swift */,
				D617404C7C27D1092C02F869 /* CanvasTextEditing.swift */,
				3E7E490F6771DF551D7D8BB8 /* EditorToolbar.swift */,
				4C2074FAA2E9AD30483188EB /* EditorView.swift */,
				66C0E4556B06A60D102FBA0E /* EditorWindowController.swift */,
			);
			path = Editor;
			sourceTree = "<group>";
		};
		5E141C7BA748722C54000EBE /* Sources */ = {
			isa = PBXGroup;
			children = (
				DA9C5191644AC749A7A25B51 /* Stillmark */,
			);
			path = Sources;
			sourceTree = "<group>";
		};
		9FFC7049BD64EE9EFE3B513A /* Annotations */ = {
			isa = PBXGroup;
			children = (
				53B61069296E46CA6D16594D /* Annotation.swift */,
				C7A0D90C97912FC823C6FEE9 /* AnnotationDocument.swift */,
				1041EF8988A270C3C1E333DE /* AnnotationRenderer.swift */,
			);
			path = Annotations;
			sourceTree = "<group>";
		};
		B737EA9ADB25E56DA79F7675 /* Tests */ = {
			isa = PBXGroup;
			children = (
				1A160BE8B4F0D352D6C22264 /* StillmarkTests */,
			);
			path = Tests;
			sourceTree = "<group>";
		};
		C11B60F3C64FA227115B7FFC /* Resources */ = {
			isa = PBXGroup;
			children = (
				266AB3918C1A0A4F5718C14E /* Assets.xcassets */,
				70EF29509151B69F80695B86 /* PrivacyInfo.xcprivacy */,
			);
			path = Resources;
			sourceTree = "<group>";
		};
		D1D1CD5BC2364FAE1CF54C98 = {
			isa = PBXGroup;
			children = (
				C11B60F3C64FA227115B7FFC /* Resources */,
				5E141C7BA748722C54000EBE /* Sources */,
				B737EA9ADB25E56DA79F7675 /* Tests */,
				DA464DA53B80BB874EC49E0A /* Products */,
			);
			sourceTree = "<group>";
		};
		D8B789DF30D808460F80ABBF /* Settings */ = {
			isa = PBXGroup;
			children = (
				8543A7429C2BACE525A965F8 /* LoginItemModel.swift */,
				CB3577FA38C30D0248ACA433 /* SettingsView.swift */,
			);
			path = Settings;
			sourceTree = "<group>";
		};
		DA464DA53B80BB874EC49E0A /* Products */ = {
			isa = PBXGroup;
			children = (
				996A564CC8DE7F7D3A273693 /* Stillmark.app */,
				1F5CA6B42C49A8A14F42F387 /* StillmarkTests.xctest */,
			);
			name = Products;
			sourceTree = "<group>";
		};
		DA9C5191644AC749A7A25B51 /* Stillmark */ = {
			isa = PBXGroup;
			children = (
				9FFC7049BD64EE9EFE3B513A /* Annotations */,
				179C7F5582BAEE422473153A /* App */,
				3F3A1FD55D450B9D6002BA6B /* Capture */,
				47E26C8E8662BCBA84CD7872 /* Editor */,
				D8B789DF30D808460F80ABBF /* Settings */,
			);
			path = Stillmark;
			sourceTree = "<group>";
		};
/* End PBXGroup section */

/* Begin PBXNativeTarget section */
		5663A943C78E80AE70764037 /* StillmarkTests */ = {
			isa = PBXNativeTarget;
			buildConfigurationList = 00B067B12363479ADD1B5B61 /* Build configuration list for PBXNativeTarget "StillmarkTests" */;
			buildPhases = (
				46C7AE4EFAEF853E107F601D /* Sources */,
			);
			buildRules = (
			);
			dependencies = (
				419E4F706333221552A848CA /* PBXTargetDependency */,
			);
			name = StillmarkTests;
			packageProductDependencies = (
			);
			productName = StillmarkTests;
			productReference = 1F5CA6B42C49A8A14F42F387 /* StillmarkTests.xctest */;
			productType = "com.apple.product-type.bundle.unit-test";
		};
		FE5202717C5C23578E24EFF0 /* Stillmark */ = {
			isa = PBXNativeTarget;
			buildConfigurationList = 5637C3A6B7DD01A510DF428F /* Build configuration list for PBXNativeTarget "Stillmark" */;
			buildPhases = (
				F673484AF353E909F8DD5F64 /* Sources */,
				25D9D6492DE6673EC0E914C5 /* Resources */,
			);
			buildRules = (
			);
			dependencies = (
			);
			name = Stillmark;
			packageProductDependencies = (
			);
			productName = Stillmark;
			productReference = 996A564CC8DE7F7D3A273693 /* Stillmark.app */;
			productType = "com.apple.product-type.application";
		};
/* End PBXNativeTarget section */

/* Begin PBXProject section */
		6B9EB36DD31439A3B5DBA67A /* Project object */ = {
			isa = PBXProject;
			attributes = {
				BuildIndependentTargetsInParallel = YES;
				LastUpgradeCheck = 1430;
				TargetAttributes = {
					5663A943C78E80AE70764037 = {
						ProvisioningStyle = Automatic;
					};
					FE5202717C5C23578E24EFF0 = {
						ProvisioningStyle = Automatic;
					};
				};
			};
			buildConfigurationList = 83741488AE6ABD02D8298D8F /* Build configuration list for PBXProject "Stillmark" */;
			developmentRegion = en;
			hasScannedForEncodings = 0;
			knownRegions = (
				Base,
				en,
			);
			mainGroup = D1D1CD5BC2364FAE1CF54C98;
			minimizedProjectReferenceProxies = 1;
			preferredProjectObjectVersion = 77;
			productRefGroup = DA464DA53B80BB874EC49E0A /* Products */;
			projectDirPath = "";
			projectRoot = "";
			targets = (
				FE5202717C5C23578E24EFF0 /* Stillmark */,
				5663A943C78E80AE70764037 /* StillmarkTests */,
			);
		};
/* End PBXProject section */

/* Begin PBXResourcesBuildPhase section */
		25D9D6492DE6673EC0E914C5 /* Resources */ = {
			isa = PBXResourcesBuildPhase;
			buildActionMask = 2147483647;
			files = (
				9394FAED5ABA19C19B884ECB /* Assets.xcassets in Resources */,
				7B05DB15547BC2DF254C33B8 /* PrivacyInfo.xcprivacy in Resources */,
			);
			runOnlyForDeploymentPostprocessing = 0;
		};
/* End PBXResourcesBuildPhase section */

/* Begin PBXSourcesBuildPhase section */
		46C7AE4EFAEF853E107F601D /* Sources */ = {
			isa = PBXSourcesBuildPhase;
			buildActionMask = 2147483647;
			files = (
				1B946DFFB445C209C039D5BD /* AnnotationTests.swift in Sources */,
				B370803387B3FCAFF2B904D6 /* CaptureGeometryTests.swift in Sources */,
			);
			runOnlyForDeploymentPostprocessing = 0;
		};
		F673484AF353E909F8DD5F64 /* Sources */ = {
			isa = PBXSourcesBuildPhase;
			buildActionMask = 2147483647;
			files = (
				2FD3050148989B5F33F6B05F /* Annotation.swift in Sources */,
				BCB8DAC887B735BDDA0747B1 /* AnnotationCanvas.swift in Sources */,
				E2C7C3042D5C9C057E4F359A /* AnnotationDocument.swift in Sources */,
				B462705A6EDE0264DD6CF81D /* AnnotationRenderer.swift in Sources */,
				D8B18E89B22A7B403585E130 /* AppDelegate.swift in Sources */,
				7E4B64FB870719C5BED4142E /* CanvasGestures.swift in Sources */,
				BB380C61C09B1B2594C02EE3 /* CanvasTextEditing.swift in Sources */,
				492DBB026C05243AD8BE3A53 /* CaptureCoordinator.swift in Sources */,
				E2A83963132312F77E346F88 /* CaptureGeometry.swift in Sources */,
				26E37BEAFDACF9FEE09D8812 /* CapturedImage.swift in Sources */,
				1F4C7E6D89F906136A5D6246 /* EditorToolbar.swift in Sources */,
				800A24F172247654C109AB8C /* EditorView.swift in Sources */,
				D092EE517F1D0C9EDD348901 /* EditorWindowController.swift in Sources */,
				4E347CA56A877A2F56CC0773 /* GlobalHotKey.swift in Sources */,
				481A66EA2298DA824C863FB8 /* LoginItemModel.swift in Sources */,
				E021B40695ABE124F75A7D9E /* RegionSelectionWindow.swift in Sources */,
				6EE26306C79B1CDBD35B1D9F /* SettingsView.swift in Sources */,
				F3A67349680F6B20FA7E9917 /* StillmarkApp.swift in Sources */,
			);
			runOnlyForDeploymentPostprocessing = 0;
		};
/* End PBXSourcesBuildPhase section */

/* Begin PBXTargetDependency section */
		419E4F706333221552A848CA /* PBXTargetDependency */ = {
			isa = PBXTargetDependency;
			target = FE5202717C5C23578E24EFF0 /* Stillmark */;
			targetProxy = EFA3D3E6595AE7A6A5FEE89D /* PBXContainerItemProxy */;
		};
/* End PBXTargetDependency section */

/* Begin XCBuildConfiguration section */
		2668FD3F86F935010BBEF3EA /* Debug */ = {
			isa = XCBuildConfiguration;
			buildSettings = {
				ASSETCATALOG_COMPILER_APPICON_NAME = AppIcon;
				CODE_SIGN_ENTITLEMENTS = Resources/Stillmark.entitlements;
				COMBINE_HIDPI_IMAGES = YES;
				ENABLE_APP_SANDBOX = YES;
				ENABLE_USER_SELECTED_FILES = readwrite;
				INFOPLIST_FILE = Resources/Info.plist;
				LD_RUNPATH_SEARCH_PATHS = (
					"$(inherited)",
					"@executable_path/../Frameworks",
				);
				PRODUCT_BUNDLE_IDENTIFIER = com.jo9900.Stillmark;
				SDKROOT = macosx;
			};
			name = Debug;
		};
		69567E1D890896A34F154442 /* Debug */ = {
			isa = XCBuildConfiguration;
			buildSettings = {
				BUNDLE_LOADER = "$(TEST_HOST)";
				COMBINE_HIDPI_IMAGES = YES;
				GENERATE_INFOPLIST_FILE = YES;
				LD_RUNPATH_SEARCH_PATHS = (
					"$(inherited)",
					"@executable_path/../Frameworks",
					"@loader_path/../Frameworks",
				);
				PRODUCT_BUNDLE_IDENTIFIER = com.jo9900.StillmarkTests;
				SDKROOT = macosx;
				TEST_HOST = "$(BUILT_PRODUCTS_DIR)/Stillmark.app/Contents/MacOS/Stillmark";
			};
			name = Debug;
		};
		7554939A6F013F4E8D4C913F /* Debug */ = {
			isa = XCBuildConfiguration;
			buildSettings = {
				ALWAYS_SEARCH_USER_PATHS = NO;
				CLANG_ANALYZER_NONNULL = YES;
				CLANG_ANALYZER_NUMBER_OBJECT_CONVERSION = YES_AGGRESSIVE;
				CLANG_CXX_LANGUAGE_STANDARD = "gnu++14";
				CLANG_CXX_LIBRARY = "libc++";
				CLANG_ENABLE_MODULES = YES;
				CLANG_ENABLE_OBJC_ARC = YES;
				CLANG_ENABLE_OBJC_WEAK = YES;
				CLANG_WARN_BLOCK_CAPTURE_AUTORELEASING = YES;
				CLANG_WARN_BOOL_CONVERSION = YES;
				CLANG_WARN_COMMA = YES;
				CLANG_WARN_CONSTANT_CONVERSION = YES;
				CLANG_WARN_DEPRECATED_OBJC_IMPLEMENTATIONS = YES;
				CLANG_WARN_DIRECT_OBJC_ISA_USAGE = YES_ERROR;
				CLANG_WARN_DOCUMENTATION_COMMENTS = YES;
				CLANG_WARN_EMPTY_BODY = YES;
				CLANG_WARN_ENUM_CONVERSION = YES;
				CLANG_WARN_INFINITE_RECURSION = YES;
				CLANG_WARN_INT_CONVERSION = YES;
				CLANG_WARN_NON_LITERAL_NULL_CONVERSION = YES;
				CLANG_WARN_OBJC_IMPLICIT_RETAIN_SELF = YES;
				CLANG_WARN_OBJC_LITERAL_CONVERSION = YES;
				CLANG_WARN_OBJC_ROOT_CLASS = YES_ERROR;
				CLANG_WARN_QUOTED_INCLUDE_IN_FRAMEWORK_HEADER = YES;
				CLANG_WARN_RANGE_LOOP_ANALYSIS = YES;
				CLANG_WARN_STRICT_PROTOTYPES = YES;
				CLANG_WARN_SUSPICIOUS_MOVE = YES;
				CLANG_WARN_UNGUARDED_AVAILABILITY = YES_AGGRESSIVE;
				CLANG_WARN_UNREACHABLE_CODE = YES;
				CLANG_WARN__DUPLICATE_METHOD_MATCH = YES;
				CODE_SIGN_STYLE = Automatic;
				COPY_PHASE_STRIP = NO;
				CURRENT_PROJECT_VERSION = 1;
				DEBUG_INFORMATION_FORMAT = dwarf;
				ENABLE_HARDENED_RUNTIME = YES;
				ENABLE_STRICT_OBJC_MSGSEND = YES;
				ENABLE_TESTABILITY = YES;
				GCC_C_LANGUAGE_STANDARD = gnu11;
				GCC_DYNAMIC_NO_PIC = NO;
				GCC_NO_COMMON_BLOCKS = YES;
				GCC_OPTIMIZATION_LEVEL = 0;
				GCC_PREPROCESSOR_DEFINITIONS = (
					"$(inherited)",
					"DEBUG=1",
				);
				GCC_WARN_64_TO_32_BIT_CONVERSION = YES;
				GCC_WARN_ABOUT_RETURN_TYPE = YES_ERROR;
				GCC_WARN_UNDECLARED_SELECTOR = YES;
				GCC_WARN_UNINITIALIZED_AUTOS = YES_AGGRESSIVE;
				GCC_WARN_UNUSED_FUNCTION = YES;
				GCC_WARN_UNUSED_VARIABLE = YES;
				MACOSX_DEPLOYMENT_TARGET = 14.0;
				MARKETING_VERSION = 0.1.0;
				MTL_ENABLE_DEBUG_INFO = INCLUDE_SOURCE;
				MTL_FAST_MATH = YES;
				ONLY_ACTIVE_ARCH = YES;
				PRODUCT_NAME = "$(TARGET_NAME)";
				SDKROOT = macosx;
				SWIFT_ACTIVE_COMPILATION_CONDITIONS = DEBUG;
				SWIFT_OPTIMIZATION_LEVEL = "-Onone";
				SWIFT_STRICT_CONCURRENCY = complete;
				SWIFT_VERSION = 5.0;
			};
			name = Debug;
		};
		B92A8002EDF059CEFA4AFC1C /* Release */ = {
			isa = XCBuildConfiguration;
			buildSettings = {
				BUNDLE_LOADER = "$(TEST_HOST)";
				COMBINE_HIDPI_IMAGES = YES;
				GENERATE_INFOPLIST_FILE = YES;
				LD_RUNPATH_SEARCH_PATHS = (
					"$(inherited)",
					"@executable_path/../Frameworks",
					"@loader_path/../Frameworks",
				);
				PRODUCT_BUNDLE_IDENTIFIER = com.jo9900.StillmarkTests;
				SDKROOT = macosx;
				TEST_HOST = "$(BUILT_PRODUCTS_DIR)/Stillmark.app/Contents/MacOS/Stillmark";
			};
			name = Release;
		};
		DA8E80A57F622442160BC2C8 /* Release */ = {
			isa = XCBuildConfiguration;
			buildSettings = {
				ASSETCATALOG_COMPILER_APPICON_NAME = AppIcon;
				CODE_SIGN_ENTITLEMENTS = Resources/Stillmark.entitlements;
				COMBINE_HIDPI_IMAGES = YES;
				ENABLE_APP_SANDBOX = YES;
				ENABLE_USER_SELECTED_FILES = readwrite;
				INFOPLIST_FILE = Resources/Info.plist;
				LD_RUNPATH_SEARCH_PATHS = (
					"$(inherited)",
					"@executable_path/../Frameworks",
				);
				PRODUCT_BUNDLE_IDENTIFIER = com.jo9900.Stillmark;
				SDKROOT = macosx;
			};
			name = Release;
		};
		EEECFB42CB9E238580A31CA1 /* Release */ = {
			isa = XCBuildConfiguration;
			buildSettings = {
				ALWAYS_SEARCH_USER_PATHS = NO;
				CLANG_ANALYZER_NONNULL = YES;
				CLANG_ANALYZER_NUMBER_OBJECT_CONVERSION = YES_AGGRESSIVE;
				CLANG_CXX_LANGUAGE_STANDARD = "gnu++14";
				CLANG_CXX_LIBRARY = "libc++";
				CLANG_ENABLE_MODULES = YES;
				CLANG_ENABLE_OBJC_ARC = YES;
				CLANG_ENABLE_OBJC_WEAK = YES;
				CLANG_WARN_BLOCK_CAPTURE_AUTORELEASING = YES;
				CLANG_WARN_BOOL_CONVERSION = YES;
				CLANG_WARN_COMMA = YES;
				CLANG_WARN_CONSTANT_CONVERSION = YES;
				CLANG_WARN_DEPRECATED_OBJC_IMPLEMENTATIONS = YES;
				CLANG_WARN_DIRECT_OBJC_ISA_USAGE = YES_ERROR;
				CLANG_WARN_DOCUMENTATION_COMMENTS = YES;
				CLANG_WARN_EMPTY_BODY = YES;
				CLANG_WARN_ENUM_CONVERSION = YES;
				CLANG_WARN_INFINITE_RECURSION = YES;
				CLANG_WARN_INT_CONVERSION = YES;
				CLANG_WARN_NON_LITERAL_NULL_CONVERSION = YES;
				CLANG_WARN_OBJC_IMPLICIT_RETAIN_SELF = YES;
				CLANG_WARN_OBJC_LITERAL_CONVERSION = YES;
				CLANG_WARN_OBJC_ROOT_CLASS = YES_ERROR;
				CLANG_WARN_QUOTED_INCLUDE_IN_FRAMEWORK_HEADER = YES;
				CLANG_WARN_RANGE_LOOP_ANALYSIS = YES;
				CLANG_WARN_STRICT_PROTOTYPES = YES;
				CLANG_WARN_SUSPICIOUS_MOVE = YES;
				CLANG_WARN_UNGUARDED_AVAILABILITY = YES_AGGRESSIVE;
				CLANG_WARN_UNREACHABLE_CODE = YES;
				CLANG_WARN__DUPLICATE_METHOD_MATCH = YES;
				CODE_SIGN_STYLE = Automatic;
				COPY_PHASE_STRIP = NO;
				CURRENT_PROJECT_VERSION = 1;
				DEBUG_INFORMATION_FORMAT = "dwarf-with-dsym";
				ENABLE_HARDENED_RUNTIME = YES;
				ENABLE_NS_ASSERTIONS = NO;
				ENABLE_STRICT_OBJC_MSGSEND = YES;
				GCC_C_LANGUAGE_STANDARD = gnu11;
				GCC_NO_COMMON_BLOCKS = YES;
				GCC_WARN_64_TO_32_BIT_CONVERSION = YES;
				GCC_WARN_ABOUT_RETURN_TYPE = YES_ERROR;
				GCC_WARN_UNDECLARED_SELECTOR = YES;
				GCC_WARN_UNINITIALIZED_AUTOS = YES_AGGRESSIVE;
				GCC_WARN_UNUSED_FUNCTION = YES;
				GCC_WARN_UNUSED_VARIABLE = YES;
				MACOSX_DEPLOYMENT_TARGET = 14.0;
				MARKETING_VERSION = 0.1.0;
				MTL_ENABLE_DEBUG_INFO = NO;
				MTL_FAST_MATH = YES;
				PRODUCT_NAME = "$(TARGET_NAME)";
				SDKROOT = macosx;
				SWIFT_COMPILATION_MODE = wholemodule;
				SWIFT_OPTIMIZATION_LEVEL = "-O";
				SWIFT_STRICT_CONCURRENCY = complete;
				SWIFT_VERSION = 5.0;
			};
			name = Release;
		};
/* End XCBuildConfiguration section */

/* Begin XCConfigurationList section */
		00B067B12363479ADD1B5B61 /* Build configuration list for PBXNativeTarget "StillmarkTests" */ = {
			isa = XCConfigurationList;
			buildConfigurations = (
				69567E1D890896A34F154442 /* Debug */,
				B92A8002EDF059CEFA4AFC1C /* Release */,
			);
			defaultConfigurationIsVisible = 0;
			defaultConfigurationName = Debug;
		};
		5637C3A6B7DD01A510DF428F /* Build configuration list for PBXNativeTarget "Stillmark" */ = {
			isa = XCConfigurationList;
			buildConfigurations = (
				2668FD3F86F935010BBEF3EA /* Debug */,
				DA8E80A57F622442160BC2C8 /* Release */,
			);
			defaultConfigurationIsVisible = 0;
			defaultConfigurationName = Debug;
		};
		83741488AE6ABD02D8298D8F /* Build configuration list for PBXProject "Stillmark" */ = {
			isa = XCConfigurationList;
			buildConfigurations = (
				7554939A6F013F4E8D4C913F /* Debug */,
				EEECFB42CB9E238580A31CA1 /* Release */,
			);
			defaultConfigurationIsVisible = 0;
			defaultConfigurationName = Debug;
		};
/* End XCConfigurationList section */
	};
	rootObject = 6B9EB36DD31439A3B5DBA67A /* Project object */;
}
