// !$*UTF8*$!
{
	archiveVersion = 1;
	classes = {
	};
	objectVersion = 77;
	objects = {

/* Begin PBXBuildFile section */
		110AB352A21584244E56CC46 /* CaptureCoordinator.swift in Sources */ = {isa = PBXBuildFile; fileRef = 73A6BE8CED130888EED49695 /* CaptureCoordinator.swift */; };
		13626E3A152B7B8D254493EA /* AnnotationTests.swift in Sources */ = {isa = PBXBuildFile; fileRef = 8AE8014AB0D8509FDAC64F09 /* AnnotationTests.swift */; };
		2802FEBEA8FC6E6437975E17 /* CaptureGeometryTests.swift in Sources */ = {isa = PBXBuildFile; fileRef = C90DAC61D81D920DEFA29DAA /* CaptureGeometryTests.swift */; };
		48709178538C969C2BB56AE2 /* Annotation.swift in Sources */ = {isa = PBXBuildFile; fileRef = C609545757BF182D21BE3C08 /* Annotation.swift */; };
		4CAAD3D6D05A87CF243ACAC7 /* EditorToolbar.swift in Sources */ = {isa = PBXBuildFile; fileRef = 200106D64F9244922779A5B4 /* EditorToolbar.swift */; };
		55D7C43A2BFFBCDC880C7AD9 /* SnapletApp.swift in Sources */ = {isa = PBXBuildFile; fileRef = A2DD337736B14155A500E310 /* SnapletApp.swift */; };
		61F04AFC227FAFCADBC6BC0A /* AnnotationCanvas.swift in Sources */ = {isa = PBXBuildFile; fileRef = 8FA4A962C255EB7CFB05426C /* AnnotationCanvas.swift */; };
		78C454D3F3E8A881C99AD499 /* AppDelegate.swift in Sources */ = {isa = PBXBuildFile; fileRef = 14C1FB90877E10A1B9BB2274 /* AppDelegate.swift */; };
		8132AE231BCAD3E892906DCE /* CapturedImage.swift in Sources */ = {isa = PBXBuildFile; fileRef = 847B8109EE2D4666E8FF0E50 /* CapturedImage.swift */; };
		85EB93DAD7EAFF3B002F46F7 /* AnnotationRenderer.swift in Sources */ = {isa = PBXBuildFile; fileRef = E01844ED750B9F1795901847 /* AnnotationRenderer.swift */; };
		9C1E6A2D33B26D4F60EABF98 /* LoginItemModel.swift in Sources */ = {isa = PBXBuildFile; fileRef = E010288675FB5B9B4BC00AED /* LoginItemModel.swift */; };
		9E22576B78F706087162C7B7 /* CanvasGestures.swift in Sources */ = {isa = PBXBuildFile; fileRef = 9D29F3E57E3AF8240626B688 /* CanvasGestures.swift */; };
		AA1C666ECB2084C2635C6C8C /* EditorWindowController.swift in Sources */ = {isa = PBXBuildFile; fileRef = 983EBAC39EF6DEFF20E4784F /* EditorWindowController.swift */; };
		AB7F23CF2561FFC77EA45C1C /* AnnotationDocument.swift in Sources */ = {isa = PBXBuildFile; fileRef = 2B23262ACC18AC08D54167D9 /* AnnotationDocument.swift */; };
		ADE4CC83870E01D7E672D78F /* SettingsView.swift in Sources */ = {isa = PBXBuildFile; fileRef = EEAC9F00944516DF52397DDF /* SettingsView.swift */; };
		AF6024D624E5C7BF9D69802B /* RegionSelectionWindow.swift in Sources */ = {isa = PBXBuildFile; fileRef = 2E68BE516718EDB107C8D66D /* RegionSelectionWindow.swift */; };
		BD04EB9DC1ADD34AEC425F6F /* Assets.xcassets in Resources */ = {isa = PBXBuildFile; fileRef = 47CCFF88143B2FF177BE63D3 /* Assets.xcassets */; };
		C09AA8FA7F13258ACD235BE1 /* CaptureGeometry.swift in Sources */ = {isa = PBXBuildFile; fileRef = 11836CC0D1F1723555F0D206 /* CaptureGeometry.swift */; };
		C56FE13A7452419D601E7D8E /* CanvasTextEditing.swift in Sources */ = {isa = PBXBuildFile; fileRef = 6FFF4C00C4AFA4589E4D2C7A /* CanvasTextEditing.swift */; };
		DF114667C76B8D8153EA8B4A /* PrivacyInfo.xcprivacy in Resources */ = {isa = PBXBuildFile; fileRef = 03CD673EA798393EB5FB99C8 /* PrivacyInfo.xcprivacy */; };
		EE8C82C89E4538778A302AD1 /* EditorView.swift in Sources */ = {isa = PBXBuildFile; fileRef = B1FD805FC3D8CC1198483327 /* EditorView.swift */; };
		F41572345CEAA04C657BBF20 /* GlobalHotKey.swift in Sources */ = {isa = PBXBuildFile; fileRef = 12C3C2C1975F184EB6228F55 /* GlobalHotKey.swift */; };
/* End PBXBuildFile section */

/* Begin PBXContainerItemProxy section */
		4E19AE3FF4298A3B5C80FAF9 /* PBXContainerItemProxy */ = {
			isa = PBXContainerItemProxy;
			containerPortal = E4A15862B0BC93869E36F5FB /* Project object */;
			proxyType = 1;
			remoteGlobalIDString = 2EB4B0CF1D3602F77329D98E;
			remoteInfo = Snaplet;
		};
/* End PBXContainerItemProxy section */

/* Begin PBXFileReference section */
		03CD673EA798393EB5FB99C8 /* PrivacyInfo.xcprivacy */ = {isa = PBXFileReference; path = PrivacyInfo.xcprivacy; sourceTree = "<group>"; };
		11836CC0D1F1723555F0D206 /* CaptureGeometry.swift */ = {isa = PBXFileReference; lastKnownFileType = sourcecode.swift; path = CaptureGeometry.swift; sourceTree = "<group>"; };
		12C3C2C1975F184EB6228F55 /* GlobalHotKey.swift */ = {isa = PBXFileReference; lastKnownFileType = sourcecode.swift; path = GlobalHotKey.swift; sourceTree = "<group>"; };
		14C1FB90877E10A1B9BB2274 /* AppDelegate.swift */ = {isa = PBXFileReference; lastKnownFileType = sourcecode.swift; path = AppDelegate.swift; sourceTree = "<group>"; };
		200106D64F9244922779A5B4 /* EditorToolbar.swift */ = {isa = PBXFileReference; lastKnownFileType = sourcecode.swift; path = EditorToolbar.swift; sourceTree = "<group>"; };
		2B23262ACC18AC08D54167D9 /* AnnotationDocument.swift */ = {isa = PBXFileReference; lastKnownFileType = sourcecode.swift; path = AnnotationDocument.swift; sourceTree = "<group>"; };
		2E68BE516718EDB107C8D66D /* RegionSelectionWindow.swift */ = {isa = PBXFileReference; lastKnownFileType = sourcecode.swift; path = RegionSelectionWindow.swift; sourceTree = "<group>"; };
		47CCFF88143B2FF177BE63D3 /* Assets.xcassets */ = {isa = PBXFileReference; lastKnownFileType = folder.assetcatalog; path = Assets.xcassets; sourceTree = "<group>"; };
		6FFF4C00C4AFA4589E4D2C7A /* CanvasTextEditing.swift */ = {isa = PBXFileReference; lastKnownFileType = sourcecode.swift; path = CanvasTextEditing.swift; sourceTree = "<group>"; };
		73A6BE8CED130888EED49695 /* CaptureCoordinator.swift */ = {isa = PBXFileReference; lastKnownFileType = sourcecode.swift; path = CaptureCoordinator.swift; sourceTree = "<group>"; };
		847B8109EE2D4666E8FF0E50 /* CapturedImage.swift */ = {isa = PBXFileReference; lastKnownFileType = sourcecode.swift; path = CapturedImage.swift; sourceTree = "<group>"; };
		8AE8014AB0D8509FDAC64F09 /* AnnotationTests.swift */ = {isa = PBXFileReference; lastKnownFileType = sourcecode.swift; path = AnnotationTests.swift; sourceTree = "<group>"; };
		8FA4A962C255EB7CFB05426C /* AnnotationCanvas.swift */ = {isa = PBXFileReference; lastKnownFileType = sourcecode.swift; path = AnnotationCanvas.swift; sourceTree = "<group>"; };
		983EBAC39EF6DEFF20E4784F /* EditorWindowController.swift */ = {isa = PBXFileReference; lastKnownFileType = sourcecode.swift; path = EditorWindowController.swift; sourceTree = "<group>"; };
		9D29F3E57E3AF8240626B688 /* CanvasGestures.swift */ = {isa = PBXFileReference; lastKnownFileType = sourcecode.swift; path = CanvasGestures.swift; sourceTree = "<group>"; };
		A2DD337736B14155A500E310 /* SnapletApp.swift */ = {isa = PBXFileReference; lastKnownFileType = sourcecode.swift; path = SnapletApp.swift; sourceTree = "<group>"; };
		B1FD805FC3D8CC1198483327 /* EditorView.swift */ = {isa = PBXFileReference; lastKnownFileType = sourcecode.swift; path = EditorView.swift; sourceTree = "<group>"; };
		BF9F62D0EBD49BEBF1668661 /* Snaplet.app */ = {isa = PBXFileReference; explicitFileType = wrapper.application; includeInIndex = 0; path = Snaplet.app; sourceTree = BUILT_PRODUCTS_DIR; };
		C609545757BF182D21BE3C08 /* Annotation.swift */ = {isa = PBXFileReference; lastKnownFileType = sourcecode.swift; path = Annotation.swift; sourceTree = "<group>"; };
		C7410D5498209D69EA89E944 /* SnapletTests.xctest */ = {isa = PBXFileReference; explicitFileType = wrapper.cfbundle; includeInIndex = 0; path = SnapletTests.xctest; sourceTree = BUILT_PRODUCTS_DIR; };
		C90DAC61D81D920DEFA29DAA /* CaptureGeometryTests.swift */ = {isa = PBXFileReference; lastKnownFileType = sourcecode.swift; path = CaptureGeometryTests.swift; sourceTree = "<group>"; };
		E010288675FB5B9B4BC00AED /* LoginItemModel.swift */ = {isa = PBXFileReference; lastKnownFileType = sourcecode.swift; path = LoginItemModel.swift; sourceTree = "<group>"; };
		E01844ED750B9F1795901847 /* AnnotationRenderer.swift */ = {isa = PBXFileReference; lastKnownFileType = sourcecode.swift; path = AnnotationRenderer.swift; sourceTree = "<group>"; };
		EEAC9F00944516DF52397DDF /* SettingsView.swift */ = {isa = PBXFileReference; lastKnownFileType = sourcecode.swift; path = SettingsView.swift; sourceTree = "<group>"; };
/* End PBXFileReference section */

/* Begin PBXGroup section */
		033F25CFD96EDC954692C57F /* Capture */ = {
			isa = PBXGroup;
			children = (
				73A6BE8CED130888EED49695 /* CaptureCoordinator.swift */,
				847B8109EE2D4666E8FF0E50 /* CapturedImage.swift */,
				11836CC0D1F1723555F0D206 /* CaptureGeometry.swift */,
				2E68BE516718EDB107C8D66D /* RegionSelectionWindow.swift */,
			);
			path = Capture;
			sourceTree = "<group>";
		};
		15DD8447A3B82FB6343953B2 /* Sources */ = {
			isa = PBXGroup;
			children = (
				5856A9FF2B35E5EA53450A71 /* Snaplet */,
			);
			path = Sources;
			sourceTree = "<group>";
		};
		169C6998AACC5838A8C4CB98 /* App */ = {
			isa = PBXGroup;
			children = (
				14C1FB90877E10A1B9BB2274 /* AppDelegate.swift */,
				12C3C2C1975F184EB6228F55 /* GlobalHotKey.swift */,
				A2DD337736B14155A500E310 /* SnapletApp.swift */,
			);
			path = App;
			sourceTree = "<group>";
		};
		5856A9FF2B35E5EA53450A71 /* Snaplet */ = {
			isa = PBXGroup;
			children = (
				76339F8A2FC2A8022511E9A6 /* Annotations */,
				169C6998AACC5838A8C4CB98 /* App */,
				033F25CFD96EDC954692C57F /* Capture */,
				F6CE86EC75252C903BB679A1 /* Editor */,
				E0AC6D2F395D3768867964B6 /* Settings */,
			);
			path = Snaplet;
			sourceTree = "<group>";
		};
		5BFBC93EC929AF0A0CECB0F4 /* SnapletTests */ = {
			isa = PBXGroup;
			children = (
				8AE8014AB0D8509FDAC64F09 /* AnnotationTests.swift */,
				C90DAC61D81D920DEFA29DAA /* CaptureGeometryTests.swift */,
			);
			path = SnapletTests;
			sourceTree = "<group>";
		};
		714FF84FFB96F257C0CE5FCB = {
			isa = PBXGroup;
			children = (
				8060142E25B03D0B30026098 /* Resources */,
				15DD8447A3B82FB6343953B2 /* Sources */,
				C116BE1BF4ABDF6412368EAC /* Tests */,
				EAA9C2DEDACB481D9943BBEA /* Products */,
			);
			sourceTree = "<group>";
		};
		76339F8A2FC2A8022511E9A6 /* Annotations */ = {
			isa = PBXGroup;
			children = (
				C609545757BF182D21BE3C08 /* Annotation.swift */,
				2B23262ACC18AC08D54167D9 /* AnnotationDocument.swift */,
				E01844ED750B9F1795901847 /* AnnotationRenderer.swift */,
			);
			path = Annotations;
			sourceTree = "<group>";
		};
		8060142E25B03D0B30026098 /* Resources */ = {
			isa = PBXGroup;
			children = (
				47CCFF88143B2FF177BE63D3 /* Assets.xcassets */,
				03CD673EA798393EB5FB99C8 /* PrivacyInfo.xcprivacy */,
			);
			path = Resources;
			sourceTree = "<group>";
		};
		C116BE1BF4ABDF6412368EAC /* Tests */ = {
			isa = PBXGroup;
			children = (
				5BFBC93EC929AF0A0CECB0F4 /* SnapletTests */,
			);
			path = Tests;
			sourceTree = "<group>";
		};
		E0AC6D2F395D3768867964B6 /* Settings */ = {
			isa = PBXGroup;
			children = (
				E010288675FB5B9B4BC00AED /* LoginItemModel.swift */,
				EEAC9F00944516DF52397DDF /* SettingsView.swift */,
			);
			path = Settings;
			sourceTree = "<group>";
		};
		EAA9C2DEDACB481D9943BBEA /* Products */ = {
			isa = PBXGroup;
			children = (
				BF9F62D0EBD49BEBF1668661 /* Snaplet.app */,
				C7410D5498209D69EA89E944 /* SnapletTests.xctest */,
			);
			name = Products;
			sourceTree = "<group>";
		};
		F6CE86EC75252C903BB679A1 /* Editor */ = {
			isa = PBXGroup;
			children = (
				8FA4A962C255EB7CFB05426C /* AnnotationCanvas.swift */,
				9D29F3E57E3AF8240626B688 /* CanvasGestures.swift */,
				6FFF4C00C4AFA4589E4D2C7A /* CanvasTextEditing.swift */,
				200106D64F9244922779A5B4 /* EditorToolbar.swift */,
				B1FD805FC3D8CC1198483327 /* EditorView.swift */,
				983EBAC39EF6DEFF20E4784F /* EditorWindowController.swift */,
			);
			path = Editor;
			sourceTree = "<group>";
		};
/* End PBXGroup section */

/* Begin PBXNativeTarget section */
		2EB4B0CF1D3602F77329D98E /* Snaplet */ = {
			isa = PBXNativeTarget;
			buildConfigurationList = 65B09123EBE399742E78165A /* Build configuration list for PBXNativeTarget "Snaplet" */;
			buildPhases = (
				75ADC4071FD91D8330FAEA03 /* Sources */,
				B3221D16451B7D7C166EE00E /* Resources */,
			);
			buildRules = (
			);
			dependencies = (
			);
			name = Snaplet;
			packageProductDependencies = (
			);
			productName = Snaplet;
			productReference = BF9F62D0EBD49BEBF1668661 /* Snaplet.app */;
			productType = "com.apple.product-type.application";
		};
		7ED6A8927BD94592D19B70AE /* SnapletTests */ = {
			isa = PBXNativeTarget;
			buildConfigurationList = D5C3A5928C24794D1798836E /* Build configuration list for PBXNativeTarget "SnapletTests" */;
			buildPhases = (
				419A6BF2EDA4F86FA8C34F29 /* Sources */,
			);
			buildRules = (
			);
			dependencies = (
				B802F6BFEC85EC8564DABFA9 /* PBXTargetDependency */,
			);
			name = SnapletTests;
			packageProductDependencies = (
			);
			productName = SnapletTests;
			productReference = C7410D5498209D69EA89E944 /* SnapletTests.xctest */;
			productType = "com.apple.product-type.bundle.unit-test";
		};
/* End PBXNativeTarget section */

/* Begin PBXProject section */
		E4A15862B0BC93869E36F5FB /* Project object */ = {
			isa = PBXProject;
			attributes = {
				BuildIndependentTargetsInParallel = YES;
				LastUpgradeCheck = 1430;
				TargetAttributes = {
					2EB4B0CF1D3602F77329D98E = {
						DevelopmentTeam = 54BTJHJKUU;
						ProvisioningStyle = Automatic;
					};
					7ED6A8927BD94592D19B70AE = {
						DevelopmentTeam = 54BTJHJKUU;
						ProvisioningStyle = Automatic;
					};
				};
			};
			buildConfigurationList = 2E5A21B56253558410EBD7A6 /* Build configuration list for PBXProject "Snaplet" */;
			developmentRegion = en;
			hasScannedForEncodings = 0;
			knownRegions = (
				Base,
				en,
			);
			mainGroup = 714FF84FFB96F257C0CE5FCB;
			minimizedProjectReferenceProxies = 1;
			preferredProjectObjectVersion = 77;
			productRefGroup = EAA9C2DEDACB481D9943BBEA /* Products */;
			projectDirPath = "";
			projectRoot = "";
			targets = (
				2EB4B0CF1D3602F77329D98E /* Snaplet */,
				7ED6A8927BD94592D19B70AE /* SnapletTests */,
			);
		};
/* End PBXProject section */

/* Begin PBXResourcesBuildPhase section */
		B3221D16451B7D7C166EE00E /* Resources */ = {
			isa = PBXResourcesBuildPhase;
			buildActionMask = 2147483647;
			files = (
				BD04EB9DC1ADD34AEC425F6F /* Assets.xcassets in Resources */,
				DF114667C76B8D8153EA8B4A /* PrivacyInfo.xcprivacy in Resources */,
			);
			runOnlyForDeploymentPostprocessing = 0;
		};
/* End PBXResourcesBuildPhase section */

/* Begin PBXSourcesBuildPhase section */
		419A6BF2EDA4F86FA8C34F29 /* Sources */ = {
			isa = PBXSourcesBuildPhase;
			buildActionMask = 2147483647;
			files = (
				13626E3A152B7B8D254493EA /* AnnotationTests.swift in Sources */,
				2802FEBEA8FC6E6437975E17 /* CaptureGeometryTests.swift in Sources */,
			);
			runOnlyForDeploymentPostprocessing = 0;
		};
		75ADC4071FD91D8330FAEA03 /* Sources */ = {
			isa = PBXSourcesBuildPhase;
			buildActionMask = 2147483647;
			files = (
				48709178538C969C2BB56AE2 /* Annotation.swift in Sources */,
				61F04AFC227FAFCADBC6BC0A /* AnnotationCanvas.swift in Sources */,
				AB7F23CF2561FFC77EA45C1C /* AnnotationDocument.swift in Sources */,
				85EB93DAD7EAFF3B002F46F7 /* AnnotationRenderer.swift in Sources */,
				78C454D3F3E8A881C99AD499 /* AppDelegate.swift in Sources */,
				9E22576B78F706087162C7B7 /* CanvasGestures.swift in Sources */,
				C56FE13A7452419D601E7D8E /* CanvasTextEditing.swift in Sources */,
				110AB352A21584244E56CC46 /* CaptureCoordinator.swift in Sources */,
				C09AA8FA7F13258ACD235BE1 /* CaptureGeometry.swift in Sources */,
				8132AE231BCAD3E892906DCE /* CapturedImage.swift in Sources */,
				4CAAD3D6D05A87CF243ACAC7 /* EditorToolbar.swift in Sources */,
				EE8C82C89E4538778A302AD1 /* EditorView.swift in Sources */,
				AA1C666ECB2084C2635C6C8C /* EditorWindowController.swift in Sources */,
				F41572345CEAA04C657BBF20 /* GlobalHotKey.swift in Sources */,
				9C1E6A2D33B26D4F60EABF98 /* LoginItemModel.swift in Sources */,
				AF6024D624E5C7BF9D69802B /* RegionSelectionWindow.swift in Sources */,
				ADE4CC83870E01D7E672D78F /* SettingsView.swift in Sources */,
				55D7C43A2BFFBCDC880C7AD9 /* SnapletApp.swift in Sources */,
			);
			runOnlyForDeploymentPostprocessing = 0;
		};
/* End PBXSourcesBuildPhase section */

/* Begin PBXTargetDependency section */
		B802F6BFEC85EC8564DABFA9 /* PBXTargetDependency */ = {
			isa = PBXTargetDependency;
			target = 2EB4B0CF1D3602F77329D98E /* Snaplet */;
			targetProxy = 4E19AE3FF4298A3B5C80FAF9 /* PBXContainerItemProxy */;
		};
/* End PBXTargetDependency section */

/* Begin XCBuildConfiguration section */
		50E3E23C61F8EE3A900EFE7D /* Release */ = {
			isa = XCBuildConfiguration;
			buildSettings = {
				BUNDLE_LOADER = "$(TEST_HOST)";
				COMBINE_HIDPI_IMAGES = YES;
				GENERATE_INFOPLIST_FILE = YES;
				LD_RUNPATH_SEARCH_PATHS = (
					"$(inherited)",
					"@executable_path/../Frameworks",
					"@loader_path/../Frameworks",
				);
				PRODUCT_BUNDLE_IDENTIFIER = com.jo9900.SnapletTests;
				SDKROOT = macosx;
				TEST_HOST = "$(BUILT_PRODUCTS_DIR)/Snaplet.app/Contents/MacOS/Snaplet";
			};
			name = Release;
		};
		86082D16AF448E8A76CA867E /* Debug */ = {
			isa = XCBuildConfiguration;
			buildSettings = {
				ASSETCATALOG_COMPILER_APPICON_NAME = AppIcon;
				CODE_SIGN_ENTITLEMENTS = Resources/Snaplet.entitlements;
				COMBINE_HIDPI_IMAGES = YES;
				ENABLE_APP_SANDBOX = YES;
				ENABLE_USER_SELECTED_FILES = readwrite;
				INFOPLIST_FILE = Resources/Info.plist;
				LD_RUNPATH_SEARCH_PATHS = (
					"$(inherited)",
					"@executable_path/../Frameworks",
				);
				PRODUCT_BUNDLE_IDENTIFIER = com.jo9900.Snaplet;
				SDKROOT = macosx;
			};
			name = Debug;
		};
		8682564223F7EFBA7C087056 /* Release */ = {
			isa = XCBuildConfiguration;
			buildSettings = {
				ASSETCATALOG_COMPILER_APPICON_NAME = AppIcon;
				CODE_SIGN_ENTITLEMENTS = Resources/Snaplet.entitlements;
				COMBINE_HIDPI_IMAGES = YES;
				ENABLE_APP_SANDBOX = YES;
				ENABLE_USER_SELECTED_FILES = readwrite;
				INFOPLIST_FILE = Resources/Info.plist;
				LD_RUNPATH_SEARCH_PATHS = (
					"$(inherited)",
					"@executable_path/../Frameworks",
				);
				PRODUCT_BUNDLE_IDENTIFIER = com.jo9900.Snaplet;
				SDKROOT = macosx;
			};
			name = Release;
		};
		C02594F985D94A461D9E805B /* Debug */ = {
			isa = XCBuildConfiguration;
			buildSettings = {
				ALWAYS_SEARCH_USER_PATHS = NO;
				CLANG_ANALYZER_NONNULL = YES;
				CLANG_ANALYZER_NUMBER_OBJECT_CONVERSION = YES_AGGRESSIVE;
				CLANG_CXX_LANGUAGE_STANDARD = "gnu++14";
				CLANG_CXX_LIBRARY = "libc++";
				CLANG_ENABLE_MODULES = YES;
				CLANG_ENABLE_OBJC_ARC = YES;
				CLANG_ENABLE_OBJC_WEAK = YES;
				CLANG_WARN_BLOCK_CAPTURE_AUTORELEASING = YES;
				CLANG_WARN_BOOL_CONVERSION = YES;
				CLANG_WARN_COMMA = YES;
				CLANG_WARN_CONSTANT_CONVERSION = YES;
				CLANG_WARN_DEPRECATED_OBJC_IMPLEMENTATIONS = YES;
				CLANG_WARN_DIRECT_OBJC_ISA_USAGE = YES_ERROR;
				CLANG_WARN_DOCUMENTATION_COMMENTS = YES;
				CLANG_WARN_EMPTY_BODY = YES;
				CLANG_WARN_ENUM_CONVERSION = YES;
				CLANG_WARN_INFINITE_RECURSION = YES;
				CLANG_WARN_INT_CONVERSION = YES;
				CLANG_WARN_NON_LITERAL_NULL_CONVERSION = YES;
				CLANG_WARN_OBJC_IMPLICIT_RETAIN_SELF = YES;
				CLANG_WARN_OBJC_LITERAL_CONVERSION = YES;
				CLANG_WARN_OBJC_ROOT_CLASS = YES_ERROR;
				CLANG_WARN_QUOTED_INCLUDE_IN_FRAMEWORK_HEADER = YES;
				CLANG_WARN_RANGE_LOOP_ANALYSIS = YES;
				CLANG_WARN_STRICT_PROTOTYPES = YES;
				CLANG_WARN_SUSPICIOUS_MOVE = YES;
				CLANG_WARN_UNGUARDED_AVAILABILITY = YES_AGGRESSIVE;
				CLANG_WARN_UNREACHABLE_CODE = YES;
				CLANG_WARN__DUPLICATE_METHOD_MATCH = YES;
				CODE_SIGN_STYLE = Automatic;
				COPY_PHASE_STRIP = NO;
				CURRENT_PROJECT_VERSION = 1;
				DEBUG_INFORMATION_FORMAT = dwarf;
				DEVELOPMENT_TEAM = 54BTJHJKUU;
				ENABLE_HARDENED_RUNTIME = YES;
				ENABLE_STRICT_OBJC_MSGSEND = YES;
				ENABLE_TESTABILITY = YES;
				GCC_C_LANGUAGE_STANDARD = gnu11;
				GCC_DYNAMIC_NO_PIC = NO;
				GCC_NO_COMMON_BLOCKS = YES;
				GCC_OPTIMIZATION_LEVEL = 0;
				GCC_PREPROCESSOR_DEFINITIONS = (
					"$(inherited)",
					"DEBUG=1",
				);
				GCC_WARN_64_TO_32_BIT_CONVERSION = YES;
				GCC_WARN_ABOUT_RETURN_TYPE = YES_ERROR;
				GCC_WARN_UNDECLARED_SELECTOR = YES;
				GCC_WARN_UNINITIALIZED_AUTOS = YES_AGGRESSIVE;
				GCC_WARN_UNUSED_FUNCTION = YES;
				GCC_WARN_UNUSED_VARIABLE = YES;
				MACOSX_DEPLOYMENT_TARGET = 14.0;
				MARKETING_VERSION = 0.1.0;
				MTL_ENABLE_DEBUG_INFO = INCLUDE_SOURCE;
				MTL_FAST_MATH = YES;
				ONLY_ACTIVE_ARCH = YES;
				PRODUCT_NAME = "$(TARGET_NAME)";
				SDKROOT = macosx;
				SWIFT_ACTIVE_COMPILATION_CONDITIONS = DEBUG;
				SWIFT_OPTIMIZATION_LEVEL = "-Onone";
				SWIFT_STRICT_CONCURRENCY = complete;
				SWIFT_VERSION = 5.0;
			};
			name = Debug;
		};
		FDBCA3F64409490F2CD32949 /* Debug */ = {
			isa = XCBuildConfiguration;
			buildSettings = {
				BUNDLE_LOADER = "$(TEST_HOST)";
				COMBINE_HIDPI_IMAGES = YES;
				GENERATE_INFOPLIST_FILE = YES;
				LD_RUNPATH_SEARCH_PATHS = (
					"$(inherited)",
					"@executable_path/../Frameworks",
					"@loader_path/../Frameworks",
				);
				PRODUCT_BUNDLE_IDENTIFIER = com.jo9900.SnapletTests;
				SDKROOT = macosx;
				TEST_HOST = "$(BUILT_PRODUCTS_DIR)/Snaplet.app/Contents/MacOS/Snaplet";
			};
			name = Debug;
		};
		FE6ABDBDDCE4112E1098AE32 /* Release */ = {
			isa = XCBuildConfiguration;
			buildSettings = {
				ALWAYS_SEARCH_USER_PATHS = NO;
				CLANG_ANALYZER_NONNULL = YES;
				CLANG_ANALYZER_NUMBER_OBJECT_CONVERSION = YES_AGGRESSIVE;
				CLANG_CXX_LANGUAGE_STANDARD = "gnu++14";
				CLANG_CXX_LIBRARY = "libc++";
				CLANG_ENABLE_MODULES = YES;
				CLANG_ENABLE_OBJC_ARC = YES;
				CLANG_ENABLE_OBJC_WEAK = YES;
				CLANG_WARN_BLOCK_CAPTURE_AUTORELEASING = YES;
				CLANG_WARN_BOOL_CONVERSION = YES;
				CLANG_WARN_COMMA = YES;
				CLANG_WARN_CONSTANT_CONVERSION = YES;
				CLANG_WARN_DEPRECATED_OBJC_IMPLEMENTATIONS = YES;
				CLANG_WARN_DIRECT_OBJC_ISA_USAGE = YES_ERROR;
				CLANG_WARN_DOCUMENTATION_COMMENTS = YES;
				CLANG_WARN_EMPTY_BODY = YES;
				CLANG_WARN_ENUM_CONVERSION = YES;
				CLANG_WARN_INFINITE_RECURSION = YES;
				CLANG_WARN_INT_CONVERSION = YES;
				CLANG_WARN_NON_LITERAL_NULL_CONVERSION = YES;
				CLANG_WARN_OBJC_IMPLICIT_RETAIN_SELF = YES;
				CLANG_WARN_OBJC_LITERAL_CONVERSION = YES;
				CLANG_WARN_OBJC_ROOT_CLASS = YES_ERROR;
				CLANG_WARN_QUOTED_INCLUDE_IN_FRAMEWORK_HEADER = YES;
				CLANG_WARN_RANGE_LOOP_ANALYSIS = YES;
				CLANG_WARN_STRICT_PROTOTYPES = YES;
				CLANG_WARN_SUSPICIOUS_MOVE = YES;
				CLANG_WARN_UNGUARDED_AVAILABILITY = YES_AGGRESSIVE;
				CLANG_WARN_UNREACHABLE_CODE = YES;
				CLANG_WARN__DUPLICATE_METHOD_MATCH = YES;
				CODE_SIGN_STYLE = Automatic;
				COPY_PHASE_STRIP = NO;
				CURRENT_PROJECT_VERSION = 1;
				DEBUG_INFORMATION_FORMAT = "dwarf-with-dsym";
				DEVELOPMENT_TEAM = 54BTJHJKUU;
				ENABLE_HARDENED_RUNTIME = YES;
				ENABLE_NS_ASSERTIONS = NO;
				ENABLE_STRICT_OBJC_MSGSEND = YES;
				GCC_C_LANGUAGE_STANDARD = gnu11;
				GCC_NO_COMMON_BLOCKS = YES;
				GCC_WARN_64_TO_32_BIT_CONVERSION = YES;
				GCC_WARN_ABOUT_RETURN_TYPE = YES_ERROR;
				GCC_WARN_UNDECLARED_SELECTOR = YES;
				GCC_WARN_UNINITIALIZED_AUTOS = YES_AGGRESSIVE;
				GCC_WARN_UNUSED_FUNCTION = YES;
				GCC_WARN_UNUSED_VARIABLE = YES;
				MACOSX_DEPLOYMENT_TARGET = 14.0;
				MARKETING_VERSION = 0.1.0;
				MTL_ENABLE_DEBUG_INFO = NO;
				MTL_FAST_MATH = YES;
				PRODUCT_NAME = "$(TARGET_NAME)";
				SDKROOT = macosx;
				SWIFT_COMPILATION_MODE = wholemodule;
				SWIFT_OPTIMIZATION_LEVEL = "-O";
				SWIFT_STRICT_CONCURRENCY = complete;
				SWIFT_VERSION = 5.0;
			};
			name = Release;
		};
/* End XCBuildConfiguration section */

/* Begin XCConfigurationList section */
		2E5A21B56253558410EBD7A6 /* Build configuration list for PBXProject "Snaplet" */ = {
			isa = XCConfigurationList;
			buildConfigurations = (
				C02594F985D94A461D9E805B /* Debug */,
				FE6ABDBDDCE4112E1098AE32 /* Release */,
			);
			defaultConfigurationIsVisible = 0;
			defaultConfigurationName = Debug;
		};
		65B09123EBE399742E78165A /* Build configuration list for PBXNativeTarget "Snaplet" */ = {
			isa = XCConfigurationList;
			buildConfigurations = (
				86082D16AF448E8A76CA867E /* Debug */,
				8682564223F7EFBA7C087056 /* Release */,
			);
			defaultConfigurationIsVisible = 0;
			defaultConfigurationName = Debug;
		};
		D5C3A5928C24794D1798836E /* Build configuration list for PBXNativeTarget "SnapletTests" */ = {
			isa = XCConfigurationList;
			buildConfigurations = (
				FDBCA3F64409490F2CD32949 /* Debug */,
				50E3E23C61F8EE3A900EFE7D /* Release */,
			);
			defaultConfigurationIsVisible = 0;
			defaultConfigurationName = Debug;
		};
/* End XCConfigurationList section */
	};
	rootObject = E4A15862B0BC93869E36F5FB /* Project object */;
}
